{
  "version": 4,
  "terraform_version": "1.11.4",
  "serial": 5,
  "lineage": "91d3e809-b126-2409-82d8-c92faa36bc8d",
  "outputs": {},
  "resources": [
    {
      "mode": "managed",
      "type": "azurerm_mssql_firewall_rule",
      "name": "erick_fw_rule",
      "provider": "provider[\"registry.terraform.io/hashicorp/azurerm\"]",
      "instances": [
        {
          "schema_version": 0,
          "attributes": {
            "end_ip_address": "255.255.255.255",
            "id": "/subscriptions/c9cd7bb0-eb0b-48a2-a9b3-c006a3de570f/resourceGroups/erick-lab3-rg/providers/Microsoft.Sql/servers/erick-lab3-sql/firewallRules/AllowAllIPs",
            "name": "AllowAllIPs",
            "server_id": "/subscriptions/c9cd7bb0-eb0b-48a2-a9b3-c006a3de570f/resourceGroups/erick-lab3-rg/providers/Microsoft.Sql/servers/erick-lab3-sql",
            "start_ip_address": "0.0.0.0",
            "timeouts": null
          },
          "sensitive_attributes": [],
          "private": "eyJlMmJmYjczMC1lY2FhLTExZTYtOGY4OC0zNDM2M2JjN2M0YzAiOnsiY3JlYXRlIjoxODAwMDAwMDAwMDAwLCJkZWxldGUiOjE4MDAwMDAwMDAwMDAsInJlYWQiOjMwMDAwMDAwMDAwMCwidXBkYXRlIjoxODAwMDAwMDAwMDAwfX0=",
          "dependencies": [
            "azurerm_mssql_server.erick_sql_server",
            "azurerm_resource_group.erick_lab3_rg"
          ]
        }
      ]
    },
    {
      "mode": "managed",
      "type": "azurerm_mssql_server",
      "name": "erick_sql_server",
      "provider": "provider[\"registry.terraform.io/hashicorp/azurerm\"]",
      "instances": [
        {
          "schema_version": 0,
          "attributes": {
            "administrator_login": "erick",
            "administrator_login_password": "#050.Ada0",
            "administrator_login_password_wo": null,
            "administrator_login_password_wo_version": 0,
            "azuread_administrator": [],
            "connection_policy": "Default",
            "express_vulnerability_assessment_enabled": false,
            "fully_qualified_domain_name": "erick-lab3-sql.database.windows.net",
            "id": "/subscriptions/c9cd7bb0-eb0b-48a2-a9b3-c006a3de570f/resourceGroups/erick-lab3-rg/providers/Microsoft.Sql/servers/erick-lab3-sql",
            "identity": [
              {
                "identity_ids": null,
                "principal_id": "32978fdb-24b8-491f-aa0f-72a03a2829ab",
                "tenant_id": "b6b466ee-468d-4011-b9fc-fbdcf82ac90a",
                "type": "SystemAssigned"
              }
            ],
            "location": "westus2",
            "minimum_tls_version": "1.2",
            "name": "erick-lab3-sql",
            "outbound_network_restriction_enabled": false,
            "primary_user_assigned_identity_id": "",
            "public_network_access_enabled": true,
            "resource_group_name": "erick-lab3-rg",
            "restorable_dropped_database_ids": [],
            "tags": null,
            "timeouts": null,
            "transparent_data_encryption_key_vault_key_id": "",
            "version": "12.0"
          },
          "sensitive_attributes": [
            [
              {
                "type": "get_attr",
                "value": "administrator_login_password_wo"
              }
            ],
            [
              {
                "type": "get_attr",
                "value": "administrator_login_password"
              }
            ]
          ],
          "private": "eyJlMmJmYjczMC1lY2FhLTExZTYtOGY4OC0zNDM2M2JjN2M0YzAiOnsiY3JlYXRlIjozNjAwMDAwMDAwMDAwLCJkZWxldGUiOjM2MDAwMDAwMDAwMDAsInJlYWQiOjMwMDAwMDAwMDAwMCwidXBkYXRlIjozNjAwMDAwMDAwMDAwfX0=",
          "dependencies": [
            "azurerm_resource_group.erick_lab3_rg"
          ]
        }
      ]
    },
    {
      "mode": "managed",
      "type": "azurerm_resource_group",
      "name": "erick_lab3_rg",
      "provider": "provider[\"registry.terraform.io/hashicorp/azurerm\"]",
      "instances": [
        {
          "schema_version": 0,
          "attributes": {
            "id": "/subscriptions/c9cd7bb0-eb0b-48a2-a9b3-c006a3de570f/resourceGroups/erick-lab3-rg",
            "location": "westus2",
            "managed_by": "",
            "name": "erick-lab3-rg",
            "tags": null,
            "timeouts": null
          },
          "sensitive_attributes": [],
          "private": "eyJlMmJmYjczMC1lY2FhLTExZTYtOGY4OC0zNDM2M2JjN2M0YzAiOnsiY3JlYXRlIjo1NDAwMDAwMDAwMDAwLCJkZWxldGUiOjU0MDAwMDAwMDAwMDAsInJlYWQiOjMwMDAwMDAwMDAwMCwidXBkYXRlIjo1NDAwMDAwMDAwMDAwfX0="
        }
      ]
    }
  ],
  "check_results": null
}
